
Microsoft Visual Studio Solution File, Format Version 12.00
Project("{FAE04EC0-301F-11D3-BF4B-00C04F79EFBC}") = "EasyPC.AppHost", "EasyPC.AppHost\EasyPC.AppHost.csproj", "{5F80F154-03F3-462B-9C5E-42E217520FF9}"
EndProject
Project("{2150E333-8FDC-42A3-9474-1A3956D46DE8}") = "src", "src", "{06DF6E4A-710B-44D3-930A-C5A6AFCB76FB}"
EndProject
Project("{2150E333-8FDC-42A3-9474-1A3956D46DE8}") = "test", "test", "{F1978CDD-352A-4410-B38C-43C95FF0871E}"
EndProject
Project("{FAE04EC0-301F-11D3-BF4B-00C04F79EFBC}") = "EasyPC.ServiceDefaults", "EasyPC.ServiceDefaults\EasyPC.ServiceDefaults.csproj", "{8BE2A9E2-A762-47FF-B767-4C2A9A576257}"
EndProject
Project("{2150E333-8FDC-42A3-9474-1A3956D46DE8}") = "Apps", "Apps", "{3F0DAEB8-727C-4373-A19B-24EA290AED1F}"
EndProject
Project("{2150E333-8FDC-42A3-9474-1A3956D46DE8}") = "Modules", "Modules", "{E372E13E-D73B-4570-BFDA-6892A4037706}"
EndProject
Project("{2150E333-8FDC-42A3-9474-1A3956D46DE8}") = "Shared", "Shared", "{5708655C-E421-4BB6-B169-B4B98D504E2D}"
EndProject
Project("{FAE04EC0-301F-11D3-BF4B-00C04F79EFBC}") = "EasyPC.Api", "EasyPC.Api\EasyPC.Api.csproj", "{9EC13C27-1782-4D87-A121-DF6DC55A104B}"
EndProject
Project("{2150E333-8FDC-42A3-9474-1A3956D46DE8}") = "Solution Items", "Solution Items", "{DD9C1A3B-30CE-4C38-9615-2FA72E67340D}"
	ProjectSection(SolutionItems) = preProject
		compose.yaml = compose.yaml
	EndProjectSection
EndProject
Project("{2150E333-8FDC-42A3-9474-1A3956D46DE8}") = "AuthorizationModule", "AuthorizationModule", "{45DDF6A4-88B2-4338-9F74-F463E51922D2}"
EndProject
Project("{FAE04EC0-301F-11D3-BF4B-00C04F79EFBC}") = "AuthorizationModule.Application", "AuthorizationModule.Application\AuthorizationModule.Application.csproj", "{25F9DBC5-7853-4BC7-8968-8BED75FE244C}"
EndProject
Project("{FAE04EC0-301F-11D3-BF4B-00C04F79EFBC}") = "AuthorizationModule.Domain", "AuthorizationModule.Domain\AuthorizationModule.Domain.csproj", "{4551F329-215D-4B1C-AEDA-347027CAE41F}"
EndProject
Project("{FAE04EC0-301F-11D3-BF4B-00C04F79EFBC}") = "AuthorizationModule.Infrastructure", "AuthorizationModule.Infrastructure\AuthorizationModule.Infrastructure.csproj", "{3A09B232-A8C5-44B6-8062-CE95AB1A2DE0}"
EndProject
Project("{FAE04EC0-301F-11D3-BF4B-00C04F79EFBC}") = "Shared.Application", "Shared.Application\Shared.Application.csproj", "{46D3CBBD-B7C9-4217-9D26-1D6CAC343F7E}"
EndProject
Project("{FAE04EC0-301F-11D3-BF4B-00C04F79EFBC}") = "Shared.Contracts", "Shared.Contracts\Shared.Contracts.csproj", "{1E26BA52-91A2-44FA-88F0-0B1A276ACBB6}"
EndProject
Project("{FAE04EC0-301F-11D3-BF4B-00C04F79EFBC}") = "Shared.Domain", "Shared.Domain\Shared.Domain.csproj", "{6900B23D-D1A1-4C5A-B9C5-639F25CDBCCC}"
EndProject
Global
	GlobalSection(SolutionConfigurationPlatforms) = preSolution
		Debug|Any CPU = Debug|Any CPU
		Release|Any CPU = Release|Any CPU
	EndGlobalSection
	GlobalSection(ProjectConfigurationPlatforms) = postSolution
		{5F80F154-03F3-462B-9C5E-42E217520FF9}.Debug|Any CPU.ActiveCfg = Debug|Any CPU
		{5F80F154-03F3-462B-9C5E-42E217520FF9}.Debug|Any CPU.Build.0 = Debug|Any CPU
		{5F80F154-03F3-462B-9C5E-42E217520FF9}.Release|Any CPU.ActiveCfg = Release|Any CPU
		{5F80F154-03F3-462B-9C5E-42E217520FF9}.Release|Any CPU.Build.0 = Release|Any CPU
		{8BE2A9E2-A762-47FF-B767-4C2A9A576257}.Debug|Any CPU.ActiveCfg = Debug|Any CPU
		{8BE2A9E2-A762-47FF-B767-4C2A9A576257}.Debug|Any CPU.Build.0 = Debug|Any CPU
		{8BE2A9E2-A762-47FF-B767-4C2A9A576257}.Release|Any CPU.ActiveCfg = Release|Any CPU
		{8BE2A9E2-A762-47FF-B767-4C2A9A576257}.Release|Any CPU.Build.0 = Release|Any CPU
		{9EC13C27-1782-4D87-A121-DF6DC55A104B}.Debug|Any CPU.ActiveCfg = Debug|Any CPU
		{9EC13C27-1782-4D87-A121-DF6DC55A104B}.Debug|Any CPU.Build.0 = Debug|Any CPU
		{9EC13C27-1782-4D87-A121-DF6DC55A104B}.Release|Any CPU.ActiveCfg = Release|Any CPU
		{9EC13C27-1782-4D87-A121-DF6DC55A104B}.Release|Any CPU.Build.0 = Release|Any CPU
		{25F9DBC5-7853-4BC7-8968-8BED75FE244C}.Debug|Any CPU.ActiveCfg = Debug|Any CPU
		{25F9DBC5-7853-4BC7-8968-8BED75FE244C}.Debug|Any CPU.Build.0 = Debug|Any CPU
		{25F9DBC5-7853-4BC7-8968-8BED75FE244C}.Release|Any CPU.ActiveCfg = Release|Any CPU
		{25F9DBC5-7853-4BC7-8968-8BED75FE244C}.Release|Any CPU.Build.0 = Release|Any CPU
		{4551F329-215D-4B1C-AEDA-347027CAE41F}.Debug|Any CPU.ActiveCfg = Debug|Any CPU
		{4551F329-215D-4B1C-AEDA-347027CAE41F}.Debug|Any CPU.Build.0 = Debug|Any CPU
		{4551F329-215D-4B1C-AEDA-347027CAE41F}.Release|Any CPU.ActiveCfg = Release|Any CPU
		{4551F329-215D-4B1C-AEDA-347027CAE41F}.Release|Any CPU.Build.0 = Release|Any CPU
		{3A09B232-A8C5-44B6-8062-CE95AB1A2DE0}.Debug|Any CPU.ActiveCfg = Debug|Any CPU
		{3A09B232-A8C5-44B6-8062-CE95AB1A2DE0}.Debug|Any CPU.Build.0 = Debug|Any CPU
		{3A09B232-A8C5-44B6-8062-CE95AB1A2DE0}.Release|Any CPU.ActiveCfg = Release|Any CPU
		{3A09B232-A8C5-44B6-8062-CE95AB1A2DE0}.Release|Any CPU.Build.0 = Release|Any CPU
		{46D3CBBD-B7C9-4217-9D26-1D6CAC343F7E}.Debug|Any CPU.ActiveCfg = Debug|Any CPU
		{46D3CBBD-B7C9-4217-9D26-1D6CAC343F7E}.Debug|Any CPU.Build.0 = Debug|Any CPU
		{46D3CBBD-B7C9-4217-9D26-1D6CAC343F7E}.Release|Any CPU.ActiveCfg = Release|Any CPU
		{46D3CBBD-B7C9-4217-9D26-1D6CAC343F7E}.Release|Any CPU.Build.0 = Release|Any CPU
		{1E26BA52-91A2-44FA-88F0-0B1A276ACBB6}.Debug|Any CPU.ActiveCfg = Debug|Any CPU
		{1E26BA52-91A2-44FA-88F0-0B1A276ACBB6}.Debug|Any CPU.Build.0 = Debug|Any CPU
		{1E26BA52-91A2-44FA-88F0-0B1A276ACBB6}.Release|Any CPU.ActiveCfg = Release|Any CPU
		{1E26BA52-91A2-44FA-88F0-0B1A276ACBB6}.Release|Any CPU.Build.0 = Release|Any CPU
		{6900B23D-D1A1-4C5A-B9C5-639F25CDBCCC}.Debug|Any CPU.ActiveCfg = Debug|Any CPU
		{6900B23D-D1A1-4C5A-B9C5-639F25CDBCCC}.Debug|Any CPU.Build.0 = Debug|Any CPU
		{6900B23D-D1A1-4C5A-B9C5-639F25CDBCCC}.Release|Any CPU.ActiveCfg = Release|Any CPU
		{6900B23D-D1A1-4C5A-B9C5-639F25CDBCCC}.Release|Any CPU.Build.0 = Release|Any CPU
	EndGlobalSection
	GlobalSection(NestedProjects) = preSolution
		{3F0DAEB8-727C-4373-A19B-24EA290AED1F} = {06DF6E4A-710B-44D3-930A-C5A6AFCB76FB}
		{E372E13E-D73B-4570-BFDA-6892A4037706} = {06DF6E4A-710B-44D3-930A-C5A6AFCB76FB}
		{5708655C-E421-4BB6-B169-B4B98D504E2D} = {06DF6E4A-710B-44D3-930A-C5A6AFCB76FB}
		{9EC13C27-1782-4D87-A121-DF6DC55A104B} = {3F0DAEB8-727C-4373-A19B-24EA290AED1F}
		{45DDF6A4-88B2-4338-9F74-F463E51922D2} = {E372E13E-D73B-4570-BFDA-6892A4037706}
		{25F9DBC5-7853-4BC7-8968-8BED75FE244C} = {45DDF6A4-88B2-4338-9F74-F463E51922D2}
		{4551F329-215D-4B1C-AEDA-347027CAE41F} = {45DDF6A4-88B2-4338-9F74-F463E51922D2}
		{3A09B232-A8C5-44B6-8062-CE95AB1A2DE0} = {45DDF6A4-88B2-4338-9F74-F463E51922D2}
		{46D3CBBD-B7C9-4217-9D26-1D6CAC343F7E} = {5708655C-E421-4BB6-B169-B4B98D504E2D}
		{1E26BA52-91A2-44FA-88F0-0B1A276ACBB6} = {5708655C-E421-4BB6-B169-B4B98D504E2D}
		{6900B23D-D1A1-4C5A-B9C5-639F25CDBCCC} = {5708655C-E421-4BB6-B169-B4B98D504E2D}
	EndGlobalSection
EndGlobal
